
Microsoft Visual Studio Solution File, Format Version 12.00
# Visual Studio Version 16
VisualStudioVersion = 16.0.29503.13
MinimumVisualStudioVersion = 10.0.40219.1
Project("{FAE04EC0-301F-11D3-BF4B-00C04F79EFBC}") = "Programa_diseño_bandas", "Programa_diseño_bandas.csproj", "{0C4381DD-ECB0-4FFE-BE22-150C9C92C34C}"
EndProject
Global
	GlobalSection(SolutionConfigurationPlatforms) = preSolution
		Debug|Any CPU = Debug|Any CPU
		Release|Any CPU = Release|Any CPU
	EndGlobalSection
	GlobalSection(ProjectConfigurationPlatforms) = postSolution
		{0C4381DD-ECB0-4FFE-BE22-150C9C92C34C}.Debug|Any CPU.ActiveCfg = Debug|Any CPU
		{0C4381DD-ECB0-4FFE-BE22-150C9C92C34C}.Debug|Any CPU.Build.0 = Debug|Any CPU
		{0C4381DD-ECB0-4FFE-BE22-150C9C92C34C}.Release|Any CPU.ActiveCfg = Release|Any CPU
		{0C4381DD-ECB0-4FFE-BE22-150C9C92C34C}.Release|Any CPU.Build.0 = Release|Any CPU
	EndGlobalSection
	GlobalSection(SolutionProperties) = preSolution
		HideSolutionNode = FALSE
	EndGlobalSection
	GlobalSection(ExtensibilityGlobals) = postSolution
		SolutionGuid = {59C5010D-E728-47FA-8698-834E12406BD6}
	EndGlobalSection
EndGlobal
